<?xml version="1.0" encoding="utf-8"?>
<Project ToolsVersion="4.0" xmlns="http://schemas.microsoft.com/developer/msbuild/2003">
  <ItemGroup>
    <Filter Include="Source Files">
      <UniqueIdentifier>{4FC737F1-C7A5-4376-A066-2A32D752A2FF}</UniqueIdentifier>
      <Extensions>cpp;c;cc;cxx;c++;cppm;ixx;def;odl;idl;hpj;bat;asm;asmx</Extensions>
    </Filter>
    <Filter Include="Header Files">
      <UniqueIdentifier>{93995380-89BD-4b04-88EB-625FBE52EBFB}</UniqueIdentifier>
      <Extensions>h;hh;hpp;hxx;h++;hm;inl;inc;ipp;xsd</Extensions>
    </Filter>
    <Filter Include="Resource Files">
      <UniqueIdentifier>{67DA6AB6-F800-4c08-8B7A-83BB121AAD01}</UniqueIdentifier>
      <Extensions>rc;ico;cur;bmp;dlg;rc2;rct;bin;rgs;gif;jpg;jpeg;jpe;resx;tiff;tif;png;wav;mfcribbon-ms</Extensions>
    </Filter>
  </ItemGroup>
  <ItemGroup>
    <ClInclude Include="rane_loader.h">
      <Filter>Header Files</Filter>
    </ClInclude>
    <ClInclude Include="rane_tir.h">
      <Filter>Header Files</Filter>
    </ClInclude>
    <ClInclude Include="rane_ast.h">
      <Filter>Header Files</Filter>
    </ClInclude>
    <ClInclude Include="rane_x64.h">
      <Filter>Header Files</Filter>
    </ClInclude>
    <ClInclude Include="rane_parser.h">
      <Filter>Header Files</Filter>
    </ClInclude>
    <ClInclude Include="rane_typecheck.h">
      <Filter>Header Files</Filter>
    </ClInclude>
    <ClInclude Include="rane_ssa.h">
      <Filter>Header Files</Filter>
    </ClInclude>
    <ClInclude Include="rane_regalloc.h">
      <Filter>Header Files</Filter>
    </ClInclude>
    <ClInclude Include="rane_lexer.h">
      <Filter>Header Files</Filter>
    </ClInclude>
    <ClInclude Include="rane_optimize.h">
      <Filter>Header Files</Filter>
    </ClInclude>
    <ClInclude Include="rane_stdlib.h">
      <Filter>Header Files</Filter>
    </ClInclude>
    <ClInclude Include="rane_hashmap.h">
      <Filter>Header Files</Filter>
    </ClInclude>
    <ClInclude Include="rane_bst.h">
      <Filter>Header Files</Filter>
    </ClInclude>
    <ClInclude Include="rane_gc.h">
      <Filter>Header Files</Filter>
    </ClInclude>
    <ClInclude Include="rane_except.h">
      <Filter>Header Files</Filter>
    </ClInclude>
    <ClInclude Include="rane_aot.h">
      <Filter>Header Files</Filter>
    </ClInclude>
    <ClInclude Include="rane_vm.h">
      <Filter>Header Files</Filter>
    </ClInclude>
    <ClInclude Include="rane_graph.h">
      <Filter>Header Files</Filter>
    </ClInclude>
    <ClInclude Include="rane_heap.h">
      <Filter>Header Files</Filter>
    </ClInclude>
    <ClInclude Include="rane_net.h">
      <Filter>Header Files</Filter>
    </ClInclude>
    <ClInclude Include="rane_crypto.h">
      <Filter>Header Files</Filter>
    </ClInclude>
    <ClInclude Include="rane_file.h">
      <Filter>Header Files</Filter>
    </ClInclude>
    <ClInclude Include="rane_thread.h">
      <Filter>Header Files</Filter>
    </ClInclude>
    <ClInclude Include="rane_security.h">
      <Filter>Header Files</Filter>
    </ClInclude>
    <ClInclude Include="rane_perf.h">
      <Filter>Header Files</Filter>
    </ClInclude>
    <ClInclude Include="rane_common.h">
      <Filter>Header Files</Filter>
    </ClInclude>
  </ItemGroup>
  <ItemGroup>
    <ClCompile Include="rane_loader_impl.cpp">
      <Filter>Source Files</Filter>
    </ClCompile>
    <ClCompile Include="main.cpp">
      <Filter>Source Files</Filter>
    </ClCompile>
    <ClCompile Include="rane_tir.cpp">
      <Filter>Source Files</Filter>
    </ClCompile>
    <ClCompile Include="rane_x64.cpp">
      <Filter>Source Files</Filter>
    </ClCompile>
    <ClCompile Include="rane_parser.cpp">
      <Filter>Source Files</Filter>
    </ClCompile>
    <ClCompile Include="rane_typecheck.cpp">
      <Filter>Source Files</Filter>
    </ClCompile>
    <ClCompile Include="rane_ssa.cpp">
      <Filter>Source Files</Filter>
    </ClCompile>
    <ClCompile Include="rane_regalloc.cpp">
      <Filter>Source Files</Filter>
    </ClCompile>
    <ClCompile Include="rane_lexer.cpp">
      <Filter>Source Files</Filter>
    </ClCompile>
    <ClCompile Include="rane_optimize.cpp">
      <Filter>Source Files</Filter>
    </ClCompile>
    <ClCompile Include="rane_stdlib.cpp">
      <Filter>Source Files</Filter>
    </ClCompile>
    <ClCompile Include="rane_hashmap.cpp">
      <Filter>Source Files</Filter>
    </ClCompile>
    <ClCompile Include="rane_bst.cpp">
      <Filter>Source Files</Filter>
    </ClCompile>
    <ClCompile Include="rane_gc.cpp">
      <Filter>Source Files</Filter>
    </ClCompile>
    <ClCompile Include="rane_except.cpp">
      <Filter>Source Files</Filter>
    </ClCompile>
    <ClCompile Include="rane_aot.cpp">
      <Filter>Source Files</Filter>
    </ClCompile>
    <ClCompile Include="rane_vm.cpp">
      <Filter>Source Files</Filter>
    </ClCompile>
    <ClCompile Include="rane_graph.cpp">
      <Filter>Source Files</Filter>
    </ClCompile>
    <ClCompile Include="rane_heap.cpp">
      <Filter>Source Files</Filter>
    </ClCompile>
    <ClCompile Include="rane_net.cpp">
      <Filter>Source Files</Filter>
    </ClCompile>
    <ClCompile Include="rane_crypto.cpp">
      <Filter>Source Files</Filter>
    </ClCompile>
    <ClCompile Include="rane_file.cpp">
      <Filter>Source Files</Filter>
    </ClCompile>
    <ClCompile Include="rane_thread.cpp">
      <Filter>Source Files</Filter>
    </ClCompile>
    <ClCompile Include="rane_security.cpp">
      <Filter>Source Files</Filter>
    </ClCompile>
    <ClCompile Include="rane_perf.cpp">
      <Filter>Source Files</Filter>
    </ClCompile>
  </ItemGroup>
  <ItemGroup>
    <None Include="README.md" />
    <None Include="howto.md" />
    <None Include="history.md" />
    <None Include="breakdown.md" />
  </ItemGroup>
</Project>